# THIS IS AN AUTOGENERATED FILE. DO NOT EDIT THIS FILE DIRECTLY.
# yarn lockfile v1


monaco-editor@^0.34.1:
  version "0.34.1"
  resolved "https://registry.yarnpkg.com/monaco-editor/-/monaco-editor-0.34.1.tgz#1b75c4ad6bc4c1f9da656d740d98e0b850a22f87"
  integrity sha512-FKc80TyiMaruhJKKPz5SpJPIjL+dflGvz4CpuThaPMc94AyN7SeC9HQ8hrvaxX7EyHdJcUY5i4D0gNyJj1vSZQ==
